
Microsoft Visual Studio Solution File, Format Version 12.00
# Visual Studio Version 17
VisualStudioVersion = 17.0.31606.5
MinimumVisualStudioVersion = 10.0.40219.1
Project("{FAE04EC0-301F-11D3-BF4B-00C04F79EFBC}") = "ProgrammerringsprøveSolid_Bistanden", "ProgrammerringsprøveSolid_Bistanden\ProgrammerringsprøveSolid_Bistanden.csproj", "{F2CF5F9E-2627-41CB-95B0-B11ED23AE8F1}"
EndProject
Global
	GlobalSection(SolutionConfigurationPlatforms) = preSolution
		Debug|Any CPU = Debug|Any CPU
		Release|Any CPU = Release|Any CPU
	EndGlobalSection
	GlobalSection(ProjectConfigurationPlatforms) = postSolution
		{F2CF5F9E-2627-41CB-95B0-B11ED23AE8F1}.Debug|Any CPU.ActiveCfg = Debug|Any CPU
		{F2CF5F9E-2627-41CB-95B0-B11ED23AE8F1}.Debug|Any CPU.Build.0 = Debug|Any CPU
		{F2CF5F9E-2627-41CB-95B0-B11ED23AE8F1}.Release|Any CPU.ActiveCfg = Release|Any CPU
		{F2CF5F9E-2627-41CB-95B0-B11ED23AE8F1}.Release|Any CPU.Build.0 = Release|Any CPU
	EndGlobalSection
	GlobalSection(SolutionProperties) = preSolution
		HideSolutionNode = FALSE
	EndGlobalSection
	GlobalSection(ExtensibilityGlobals) = postSolution
		SolutionGuid = {023E4EF9-FB92-46A1-BADC-076CFC423983}
	EndGlobalSection
EndGlobal
